// !$*UTF8*$!
{
	archiveVersion = 1;
	classes = {
	};
	objectVersion = 46;
	objects = {

/* Begin PBXBuildFile section */
		0035E57713CF77A500AF91BF /* UIKit.framework in Frameworks */ = {isa = PBXBuildFile; fileRef = 0035E57613CF77A500AF91BF /* UIKit.framework */; };
		0035E57913CF77A500AF91BF /* Foundation.framework in Frameworks */ = {isa = PBXBuildFile; fileRef = 0035E57813CF77A500AF91BF /* Foundation.framework */; };
		0035E57B13CF77A500AF91BF /* CoreGraphics.framework in Frameworks */ = {isa = PBXBuildFile; fileRef = 0035E57A13CF77A500AF91BF /* CoreGraphics.framework */; };
		0035E5A813CF96F900AF91BF /* ExternalAccessory.framework in Frameworks */ = {isa = PBXBuildFile; fileRef = 0035E5A713CF96F900AF91BF /* ExternalAccessory.framework */; };
		009E5BF713D1B49900B395E3 /* libRscMgrUniv.a in Frameworks */ = {isa = PBXBuildFile; fileRef = 009E5BF513D1B49900B395E3 /* libRscMgrUniv.a */; };
		009E5BFC13D1B4E300B395E3 /* ApplicationDelegate.m in Sources */ = {isa = PBXBuildFile; fileRef = 009E5BF913D1B4E300B395E3 /* ApplicationDelegate.m */; };
		009E5BFD13D1B4E300B395E3 /* RootController.m in Sources */ = {isa = PBXBuildFile; fileRef = 009E5BFB13D1B4E300B395E3 /* RootController.m */; };
		009E5C0213D1B4F600B395E3 /* MainWindow.xib in Resources */ = {isa = PBXBuildFile; fileRef = 009E5BFE13D1B4F600B395E3 /* MainWindow.xib */; };
		009E5C0313D1B4F600B395E3 /* RootController.xib in Resources */ = {isa = PBXBuildFile; fileRef = 009E5C0013D1B4F600B395E3 /* RootController.xib */; };
		009E5C0613D1B50A00B395E3 /* InfoPlist.strings in Resources */ = {isa = PBXBuildFile; fileRef = 009E5C0413D1B50A00B395E3 /* InfoPlist.strings */; };
		009E5C0A13D1B51600B395E3 /* main.m in Sources */ = {isa = PBXBuildFile; fileRef = 009E5C0713D1B51600B395E3 /* main.m */; };
		009E5C0B13D1B51600B395E3 /* PushButton-Info.plist in Resources */ = {isa = PBXBuildFile; fileRef = 009E5C0813D1B51600B395E3 /* PushButton-Info.plist */; };
/* End PBXBuildFile section */

/* Begin PBXFileReference section */
		0035E57213CF77A400AF91BF /* PushButton.app */ = {isa = PBXFileReference; explicitFileType = wrapper.application; includeInIndex = 0; path = PushButton.app; sourceTree = BUILT_PRODUCTS_DIR; };
		0035E57613CF77A500AF91BF /* UIKit.framework */ = {isa = PBXFileReference; lastKnownFileType = wrapper.framework; name = UIKit.framework; path = System/Library/Frameworks/UIKit.framework; sourceTree = SDKROOT; };
		0035E57813CF77A500AF91BF /* Foundation.framework */ = {isa = PBXFileReference; lastKnownFileType = wrapper.framework; name = Foundation.framework; path = System/Library/Frameworks/Foundation.framework; sourceTree = SDKROOT; };
		0035E57A13CF77A500AF91BF /* CoreGraphics.framework */ = {isa = PBXFileReference; lastKnownFileType = wrapper.framework; name = CoreGraphics.framework; path = System/Library/Frameworks/CoreGraphics.framework; sourceTree = SDKROOT; };
		0035E5A713CF96F900AF91BF /* ExternalAccessory.framework */ = {isa = PBXFileReference; lastKnownFileType = wrapper.framework; name = ExternalAccessory.framework; path = System/Library/Frameworks/ExternalAccessory.framework; sourceTree = SDKROOT; };
		009E5BF413D1B49900B395E3 /* redparkSerial.h */ = {isa = PBXFileReference; fileEncoding = 4; lastKnownFileType = sourcecode.c.h; path = redparkSerial.h; sourceTree = "<group>"; };
		009E5BF513D1B49900B395E3 /* libRscMgrUniv.a */ = {isa = PBXFileReference; lastKnownFileType = archive.ar; path = libRscMgrUniv.a; sourceTree = "<group>"; };
		009E5BF613D1B49900B395E3 /* RscMgr.h */ = {isa = PBXFileReference; fileEncoding = 4; lastKnownFileType = sourcecode.c.h; path = RscMgr.h; sourceTree = "<group>"; };
		009E5BF813D1B4E300B395E3 /* ApplicationDelegate.h */ = {isa = PBXFileReference; fileEncoding = 4; name = ApplicationDelegate.h; path = PushButton/ApplicationDelegate.h; sourceTree = SOURCE_ROOT; };
		009E5BF913D1B4E300B395E3 /* ApplicationDelegate.m */ = {isa = PBXFileReference; fileEncoding = 4; lastKnownFileType = sourcecode.c.objc; name = ApplicationDelegate.m; path = PushButton/ApplicationDelegate.m; sourceTree = SOURCE_ROOT; };
		009E5BFA13D1B4E300B395E3 /* RootController.h */ = {isa = PBXFileReference; fileEncoding = 4; name = RootController.h; path = PushButton/RootController.h; sourceTree = SOURCE_ROOT; };
		009E5BFB13D1B4E300B395E3 /* RootController.m */ = {isa = PBXFileReference; fileEncoding = 4; lastKnownFileType = sourcecode.c.objc; name = RootController.m; path = PushButton/RootController.m; sourceTree = SOURCE_ROOT; };
		009E5BFF13D1B4F600B395E3 /* en */ = {isa = PBXFileReference; lastKnownFileType = file.xib; name = en; path = PushButton/en.lproj/MainWindow.xib; sourceTree = SOURCE_ROOT; };
		009E5C0113D1B4F600B395E3 /* en */ = {isa = PBXFileReference; lastKnownFileType = file.xib; name = en; path = PushButton/en.lproj/RootController.xib; sourceTree = SOURCE_ROOT; };
		009E5C0513D1B50A00B395E3 /* en */ = {isa = PBXFileReference; lastKnownFileType = text.plist.strings; name = en; path = PushButton/en.lproj/InfoPlist.strings; sourceTree = SOURCE_ROOT; };
		009E5C0713D1B51600B395E3 /* main.m */ = {isa = PBXFileReference; fileEncoding = 4; lastKnownFileType = sourcecode.c.objc; name = main.m; path = PushButton/main.m; sourceTree = SOURCE_ROOT; };
		009E5C0813D1B51600B395E3 /* PushButton-Info.plist */ = {isa = PBXFileReference; fileEncoding = 4; lastKnownFileType = text.plist.xml; name = "PushButton-Info.plist"; path = "PushButton/PushButton-Info.plist"; sourceTree = SOURCE_ROOT; };
		009E5C0913D1B51600B395E3 /* PushButton-Prefix.pch */ = {isa = PBXFileReference; fileEncoding = 4; lastKnownFileType = sourcecode.c.h; name = "PushButton-Prefix.pch"; path = "PushButton/PushButton-Prefix.pch"; sourceTree = SOURCE_ROOT; };
/* End PBXFileReference section */

/* Begin PBXFrameworksBuildPhase section */
		0035E56F13CF77A400AF91BF /* Frameworks */ = {
			isa = PBXFrameworksBuildPhase;
			buildActionMask = 2147483647;
			files = (
				0035E5A813CF96F900AF91BF /* ExternalAccessory.framework in Frameworks */,
				0035E57713CF77A500AF91BF /* UIKit.framework in Frameworks */,
				0035E57913CF77A500AF91BF /* Foundation.framework in Frameworks */,
				0035E57B13CF77A500AF91BF /* CoreGraphics.framework in Frameworks */,
				009E5BF713D1B49900B395E3 /* libRscMgrUniv.a in Frameworks */,
			);
			runOnlyForDeploymentPostprocessing = 0;
		};
/* End PBXFrameworksBuildPhase section */

/* Begin PBXGroup section */
		0035E56713CF77A400AF91BF = {
			isa = PBXGroup;
			children = (
				0035E59C13CF93CE00AF91BF /* Redpark Serial SDK */,
				0035E57C13CF77A500AF91BF /* PushButton */,
				0035E57513CF77A400AF91BF /* Frameworks */,
				0035E57313CF77A400AF91BF /* Products */,
			);
			sourceTree = "<group>";
		};
		0035E57313CF77A400AF91BF /* Products */ = {
			isa = PBXGroup;
			children = (
				0035E57213CF77A400AF91BF /* PushButton.app */,
			);
			name = Products;
			sourceTree = "<group>";
		};
		0035E57513CF77A400AF91BF /* Frameworks */ = {
			isa = PBXGroup;
			children = (
				0035E5A713CF96F900AF91BF /* ExternalAccessory.framework */,
				0035E57613CF77A500AF91BF /* UIKit.framework */,
				0035E57813CF77A500AF91BF /* Foundation.framework */,
				0035E57A13CF77A500AF91BF /* CoreGraphics.framework */,
			);
			name = Frameworks;
			sourceTree = "<group>";
		};
		0035E57C13CF77A500AF91BF /* PushButton */ = {
			isa = PBXGroup;
			children = (
				009E5BF813D1B4E300B395E3 /* ApplicationDelegate.h */,
				009E5BF913D1B4E300B395E3 /* ApplicationDelegate.m */,
				009E5BFE13D1B4F600B395E3 /* MainWindow.xib */,
				009E5BFA13D1B4E300B395E3 /* RootController.h */,
				009E5BFB13D1B4E300B395E3 /* RootController.m */,
				009E5C0013D1B4F600B395E3 /* RootController.xib */,
				0035E57D13CF77A500AF91BF /* Supporting Files */,
			);
			name = PushButton;
			path = PushButton;
			sourceTree = "<group>";
		};
		0035E57D13CF77A500AF91BF /* Supporting Files */ = {
			isa = PBXGroup;
			children = (
				009E5C0713D1B51600B395E3 /* main.m */,
				009E5C0813D1B51600B395E3 /* PushButton-Info.plist */,
				009E5C0913D1B51600B395E3 /* PushButton-Prefix.pch */,
				009E5C0413D1B50A00B395E3 /* InfoPlist.strings */,
			);
			name = "Supporting Files";
			sourceTree = "<group>";
		};
		0035E59C13CF93CE00AF91BF /* Redpark Serial SDK */ = {
			isa = PBXGroup;
			children = (
				009E5BF413D1B49900B395E3 /* redparkSerial.h */,
				009E5BF513D1B49900B395E3 /* libRscMgrUniv.a */,
				009E5BF613D1B49900B395E3 /* RscMgr.h */,
			);
			name = "Redpark Serial SDK";
			sourceTree = "<group>";
		};
/* End PBXGroup section */

/* Begin PBXNativeTarget section */
		0035E57113CF77A400AF91BF /* PushButton */ = {
			isa = PBXNativeTarget;
			buildConfigurationList = 0035E59313CF77A500AF91BF /* Build configuration list for PBXNativeTarget "PushButton" */;
			buildPhases = (
				0035E56E13CF77A400AF91BF /* Sources */,
				0035E56F13CF77A400AF91BF /* Frameworks */,
				0035E57013CF77A400AF91BF /* Resources */,
			);
			buildRules = (
			);
			dependencies = (
			);
			name = PushButton;
			productName = PushButton;
			productReference = 0035E57213CF77A400AF91BF /* PushButton.app */;
			productType = "com.apple.product-type.application";
		};
/* End PBXNativeTarget section */

/* Begin PBXProject section */
		0035E56913CF77A400AF91BF /* Project object */ = {
			isa = PBXProject;
			attributes = {
				ORGANIZATIONNAME = "University of Exeter";
			};
			buildConfigurationList = 0035E56C13CF77A400AF91BF /* Build configuration list for PBXProject "PushButton" */;
			compatibilityVersion = "Xcode 3.2";
			developmentRegion = English;
			hasScannedForEncodings = 0;
			knownRegions = (
				en,
			);
			mainGroup = 0035E56713CF77A400AF91BF;
			productRefGroup = 0035E57313CF77A400AF91BF /* Products */;
			projectDirPath = "";
			projectRoot = "";
			targets = (
				0035E57113CF77A400AF91BF /* PushButton */,
			);
		};
/* End PBXProject section */

/* Begin PBXResourcesBuildPhase section */
		0035E57013CF77A400AF91BF /* Resources */ = {
			isa = PBXResourcesBuildPhase;
			buildActionMask = 2147483647;
			files = (
				009E5C0213D1B4F600B395E3 /* MainWindow.xib in Resources */,
				009E5C0313D1B4F600B395E3 /* RootController.xib in Resources */,
				009E5C0613D1B50A00B395E3 /* InfoPlist.strings in Resources */,
				009E5C0B13D1B51600B395E3 /* PushButton-Info.plist in Resources */,
			);
			runOnlyForDeploymentPostprocessing = 0;
		};
/* End PBXResourcesBuildPhase section */

/* Begin PBXSourcesBuildPhase section */
		0035E56E13CF77A400AF91BF /* Sources */ = {
			isa = PBXSourcesBuildPhase;
			buildActionMask = 2147483647;
			files = (
				009E5BFC13D1B4E300B395E3 /* ApplicationDelegate.m in Sources */,
				009E5BFD13D1B4E300B395E3 /* RootController.m in Sources */,
				009E5C0A13D1B51600B395E3 /* main.m in Sources */,
			);
			runOnlyForDeploymentPostprocessing = 0;
		};
/* End PBXSourcesBuildPhase section */

/* Begin PBXVariantGroup section */
		009E5BFE13D1B4F600B395E3 /* MainWindow.xib */ = {
			isa = PBXVariantGroup;
			children = (
				009E5BFF13D1B4F600B395E3 /* en */,
			);
			name = MainWindow.xib;
			sourceTree = "<group>";
		};
		009E5C0013D1B4F600B395E3 /* RootController.xib */ = {
			isa = PBXVariantGroup;
			children = (
				009E5C0113D1B4F600B395E3 /* en */,
			);
			name = RootController.xib;
			sourceTree = "<group>";
		};
		009E5C0413D1B50A00B395E3 /* InfoPlist.strings */ = {
			isa = PBXVariantGroup;
			children = (
				009E5C0513D1B50A00B395E3 /* en */,
			);
			name = InfoPlist.strings;
			sourceTree = "<group>";
		};
/* End PBXVariantGroup section */

/* Begin XCBuildConfiguration section */
		0035E59113CF77A500AF91BF /* Debug */ = {
			isa = XCBuildConfiguration;
			buildSettings = {
				ARCHS = "$(ARCHS_STANDARD_32_BIT)";
				"CODE_SIGN_IDENTITY[sdk=iphoneos*]" = "iPhone Developer";
				GCC_C_LANGUAGE_STANDARD = gnu99;
				GCC_OPTIMIZATION_LEVEL = 0;
				GCC_PREPROCESSOR_DEFINITIONS = DEBUG;
				GCC_SYMBOLS_PRIVATE_EXTERN = NO;
				GCC_VERSION = com.apple.compilers.llvmgcc42;
				GCC_WARN_ABOUT_RETURN_TYPE = YES;
				GCC_WARN_UNUSED_VARIABLE = YES;
				IPHONEOS_DEPLOYMENT_TARGET = 4.3;
				SDKROOT = iphoneos;
			};
			name = Debug;
		};
		0035E59213CF77A500AF91BF /* Release */ = {
			isa = XCBuildConfiguration;
			buildSettings = {
				ARCHS = "$(ARCHS_STANDARD_32_BIT)";
				"CODE_SIGN_IDENTITY[sdk=iphoneos*]" = "iPhone Developer";
				GCC_C_LANGUAGE_STANDARD = gnu99;
				GCC_VERSION = com.apple.compilers.llvmgcc42;
				GCC_WARN_ABOUT_RETURN_TYPE = YES;
				GCC_WARN_UNUSED_VARIABLE = YES;
				IPHONEOS_DEPLOYMENT_TARGET = 4.3;
				OTHER_CFLAGS = "-DNS_BLOCK_ASSERTIONS=1";
				SDKROOT = iphoneos;
			};
			name = Release;
		};
		0035E59413CF77A500AF91BF /* Debug */ = {
			isa = XCBuildConfiguration;
			buildSettings = {
				ALWAYS_SEARCH_USER_PATHS = NO;
				COPY_PHASE_STRIP = NO;
				GCC_DYNAMIC_NO_PIC = NO;
				GCC_PRECOMPILE_PREFIX_HEADER = YES;
				GCC_PREFIX_HEADER = "PushButton/PushButton-Prefix.pch";
				INFOPLIST_FILE = "PushButton/PushButton-Info.plist";
				LIBRARY_SEARCH_PATHS = (
					"$(inherited)",
					"\"$(SRCROOT)\"",
				);
				PRODUCT_NAME = PushButton;
				WRAPPER_EXTENSION = app;
			};
			name = Debug;
		};
		0035E59513CF77A500AF91BF /* Release */ = {
			isa = XCBuildConfiguration;
			buildSettings = {
				ALWAYS_SEARCH_USER_PATHS = NO;
				COPY_PHASE_STRIP = YES;
				GCC_PRECOMPILE_PREFIX_HEADER = YES;
				GCC_PREFIX_HEADER = "PushButton/PushButton-Prefix.pch";
				INFOPLIST_FILE = "PushButton/PushButton-Info.plist";
				LIBRARY_SEARCH_PATHS = (
					"$(inherited)",
					"\"$(SRCROOT)\"",
				);
				PRODUCT_NAME = PushButton;
				VALIDATE_PRODUCT = YES;
				WRAPPER_EXTENSION = app;
			};
			name = Release;
		};
/* End XCBuildConfiguration section */

/* Begin XCConfigurationList section */
		0035E56C13CF77A400AF91BF /* Build configuration list for PBXProject "PushButton" */ = {
			isa = XCConfigurationList;
			buildConfigurations = (
				0035E59113CF77A500AF91BF /* Debug */,
				0035E59213CF77A500AF91BF /* Release */,
			);
			defaultConfigurationIsVisible = 0;
			defaultConfigurationName = Release;
		};
		0035E59313CF77A500AF91BF /* Build configuration list for PBXNativeTarget "PushButton" */ = {
			isa = XCConfigurationList;
			buildConfigurations = (
				0035E59413CF77A500AF91BF /* Debug */,
				0035E59513CF77A500AF91BF /* Release */,
			);
			defaultConfigurationIsVisible = 0;
			defaultConfigurationName = Release;
		};
/* End XCConfigurationList section */
	};
	rootObject = 0035E56913CF77A400AF91BF /* Project object */;
}
